# generated by rye
# use `rye lock` or `rye sync` to update this lockfile
#
# last locked with the following flags:
#   pre: false
#   features: []
#   all-features: false
#   with-sources: false

-e file:.
annotated-types==0.6.0
    # via pydantic
black==24.4.2
click==8.1.7
    # via black
colorama==0.4.6
    # via click
    # via pytest
exceptiongroup==1.2.1
    # via pytest
iniconfig==2.0.0
    # via pytest
mypy==1.10.0
mypy-extensions==1.0.0
    # via black
    # via mypy
packaging==24.0
    # via black
    # via pytest
pathspec==0.12.1
    # via black
platformdirs==4.2.1
    # via black
pluggy==1.5.0
    # via pytest
pydantic==2.7.1
    # via pydantic-cli
pydantic-core==2.18.2
    # via pydantic
pytest==8.2.0
tomli==2.0.1
    # via black
    # via mypy
    # via pytest
typing-extensions==4.11.0
    # via black
    # via mypy
    # via pydantic
    # via pydantic-core
